// !$*UTF8*$!
{
	archiveVersion = 1;
	classes = {
	};
	objectVersion = 46;
	objects = {

/* Begin PBXBuildFile section */
		7ADA533A1B8F44EA00C52079 /* main.mm in Sources */ = {isa = PBXBuildFile; fileRef = 7AFD6EAF1B7942F700C8641D /* main.mm */; };
		7ADA54D91B8FB99200C52079 /* ApplicationServices.framework in Frameworks */ = {isa = PBXBuildFile; fileRef = 7ADA54D81B8FB99200C52079 /* ApplicationServices.framework */; };
		7ADA54DA1B8FB9B000C52079 /* CARingBuffer.cpp in Sources */ = {isa = PBXBuildFile; fileRef = 7ADA54A31B8F6C1A00C52079 /* CARingBuffer.cpp */; };
		7AFD6EB71B79432000C8641D /* AudioToolbox.framework in Frameworks */ = {isa = PBXBuildFile; fileRef = 7AFD6EB61B79432000C8641D /* AudioToolbox.framework */; };
		7AFD6EB91B79432A00C8641D /* CoreAudio.framework in Frameworks */ = {isa = PBXBuildFile; fileRef = 7AFD6EB81B79432A00C8641D /* CoreAudio.framework */; };
		7AFD6EBB1B79433800C8641D /* AudioUnit.framework in Frameworks */ = {isa = PBXBuildFile; fileRef = 7AFD6EBA1B79433800C8641D /* AudioUnit.framework */; };
/* End PBXBuildFile section */

/* Begin PBXCopyFilesBuildPhase section */
		7AFD6EAA1B7942F700C8641D /* CopyFiles */ = {
			isa = PBXCopyFilesBuildPhase;
			buildActionMask = 2147483647;
			dstPath = /usr/share/man/man1/;
			dstSubfolderSpec = 0;
			files = (
			);
			runOnlyForDeploymentPostprocessing = 1;
		};
/* End PBXCopyFilesBuildPhase section */

/* Begin PBXFileReference section */
		7ADA54A11B8F6C1A00C52079 /* CAAtomic.h */ = {isa = PBXFileReference; fileEncoding = 4; lastKnownFileType = sourcecode.c.h; path = CAAtomic.h; sourceTree = "<group>"; };
		7ADA54A21B8F6C1A00C52079 /* CABitOperations.h */ = {isa = PBXFileReference; fileEncoding = 4; lastKnownFileType = sourcecode.c.h; path = CABitOperations.h; sourceTree = "<group>"; };
		7ADA54A31B8F6C1A00C52079 /* CARingBuffer.cpp */ = {isa = PBXFileReference; fileEncoding = 4; lastKnownFileType = sourcecode.cpp.cpp; path = CARingBuffer.cpp; sourceTree = "<group>"; };
		7ADA54A41B8F6C1A00C52079 /* CARingBuffer.h */ = {isa = PBXFileReference; fileEncoding = 4; lastKnownFileType = sourcecode.c.h; path = CARingBuffer.h; sourceTree = "<group>"; };
		7ADA54D71B8F6C7A00C52079 /* CAAutoDisposer.h */ = {isa = PBXFileReference; fileEncoding = 4; lastKnownFileType = sourcecode.c.h; path = CAAutoDisposer.h; sourceTree = "<group>"; };
		7ADA54D81B8FB99200C52079 /* ApplicationServices.framework */ = {isa = PBXFileReference; lastKnownFileType = wrapper.framework; name = ApplicationServices.framework; path = System/Library/Frameworks/ApplicationServices.framework; sourceTree = SDKROOT; };
		7AFD6EAC1B7942F700C8641D /* CAAUGraphBasedPlayThrough */ = {isa = PBXFileReference; explicitFileType = "compiled.mach-o.executable"; includeInIndex = 0; path = CAAUGraphBasedPlayThrough; sourceTree = BUILT_PRODUCTS_DIR; };
		7AFD6EAF1B7942F700C8641D /* main.mm */ = {isa = PBXFileReference; lastKnownFileType = sourcecode.cpp.objcpp; path = main.mm; sourceTree = "<group>"; };
		7AFD6EB61B79432000C8641D /* AudioToolbox.framework */ = {isa = PBXFileReference; lastKnownFileType = wrapper.framework; name = AudioToolbox.framework; path = System/Library/Frameworks/AudioToolbox.framework; sourceTree = SDKROOT; };
		7AFD6EB81B79432A00C8641D /* CoreAudio.framework */ = {isa = PBXFileReference; lastKnownFileType = wrapper.framework; name = CoreAudio.framework; path = System/Library/Frameworks/CoreAudio.framework; sourceTree = SDKROOT; };
		7AFD6EBA1B79433800C8641D /* AudioUnit.framework */ = {isa = PBXFileReference; lastKnownFileType = wrapper.framework; name = AudioUnit.framework; path = System/Library/Frameworks/AudioUnit.framework; sourceTree = SDKROOT; };
/* End PBXFileReference section */

/* Begin PBXFrameworksBuildPhase section */
		7AFD6EA91B7942F700C8641D /* Frameworks */ = {
			isa = PBXFrameworksBuildPhase;
			buildActionMask = 2147483647;
			files = (
				7ADA54D91B8FB99200C52079 /* ApplicationServices.framework in Frameworks */,
				7AFD6EBB1B79433800C8641D /* AudioUnit.framework in Frameworks */,
				7AFD6EB91B79432A00C8641D /* CoreAudio.framework in Frameworks */,
				7AFD6EB71B79432000C8641D /* AudioToolbox.framework in Frameworks */,
			);
			runOnlyForDeploymentPostprocessing = 0;
		};
/* End PBXFrameworksBuildPhase section */

/* Begin PBXGroup section */
		7AFD6EA31B7942F700C8641D = {
			isa = PBXGroup;
			children = (
				7ADA54D81B8FB99200C52079 /* ApplicationServices.framework */,
				7AFD6EBA1B79433800C8641D /* AudioUnit.framework */,
				7AFD6EB81B79432A00C8641D /* CoreAudio.framework */,
				7AFD6EB61B79432000C8641D /* AudioToolbox.framework */,
				7AFD6EAE1B7942F700C8641D /* CAAUGraphBasedPlayThrough */,
				7AFD6EAD1B7942F700C8641D /* Products */,
			);
			sourceTree = "<group>";
		};
		7AFD6EAD1B7942F700C8641D /* Products */ = {
			isa = PBXGroup;
			children = (
				7AFD6EAC1B7942F700C8641D /* CAAUGraphBasedPlayThrough */,
			);
			name = Products;
			sourceTree = "<group>";
		};
		7AFD6EAE1B7942F700C8641D /* CAAUGraphBasedPlayThrough */ = {
			isa = PBXGroup;
			children = (
				7ADA54A11B8F6C1A00C52079 /* CAAtomic.h */,
				7ADA54A21B8F6C1A00C52079 /* CABitOperations.h */,
				7ADA54D71B8F6C7A00C52079 /* CAAutoDisposer.h */,
				7ADA54A31B8F6C1A00C52079 /* CARingBuffer.cpp */,
				7ADA54A41B8F6C1A00C52079 /* CARingBuffer.h */,
				7AFD6EAF1B7942F700C8641D /* main.mm */,
			);
			path = CAAUGraphBasedPlayThrough;
			sourceTree = "<group>";
		};
/* End PBXGroup section */

/* Begin PBXNativeTarget section */
		7AFD6EAB1B7942F700C8641D /* CAAUGraphBasedPlayThrough */ = {
			isa = PBXNativeTarget;
			buildConfigurationList = 7AFD6EB31B7942F700C8641D /* Build configuration list for PBXNativeTarget "CAAUGraphBasedPlayThrough" */;
			buildPhases = (
				7AFD6EA81B7942F700C8641D /* Sources */,
				7AFD6EA91B7942F700C8641D /* Frameworks */,
				7AFD6EAA1B7942F700C8641D /* CopyFiles */,
			);
			buildRules = (
			);
			dependencies = (
			);
			name = CAAUGraphBasedPlayThrough;
			productName = CAAUGraphBasedPlayThrough;
			productReference = 7AFD6EAC1B7942F700C8641D /* CAAUGraphBasedPlayThrough */;
			productType = "com.apple.product-type.tool";
		};
/* End PBXNativeTarget section */

/* Begin PBXProject section */
		7AFD6EA41B7942F700C8641D /* Project object */ = {
			isa = PBXProject;
			attributes = {
				LastUpgradeCheck = 0640;
				ORGANIZATIONNAME = "Romain SOMMERARD";
				TargetAttributes = {
					7AFD6EAB1B7942F700C8641D = {
						CreatedOnToolsVersion = 6.4;
					};
				};
			};
			buildConfigurationList = 7AFD6EA71B7942F700C8641D /* Build configuration list for PBXProject "CAAUGraphBasedPlayThrough" */;
			compatibilityVersion = "Xcode 3.2";
			developmentRegion = English;
			hasScannedForEncodings = 0;
			knownRegions = (
				en,
			);
			mainGroup = 7AFD6EA31B7942F700C8641D;
			productRefGroup = 7AFD6EAD1B7942F700C8641D /* Products */;
			projectDirPath = "";
			projectRoot = "";
			targets = (
				7AFD6EAB1B7942F700C8641D /* CAAUGraphBasedPlayThrough */,
			);
		};
/* End PBXProject section */

/* Begin PBXSourcesBuildPhase section */
		7AFD6EA81B7942F700C8641D /* Sources */ = {
			isa = PBXSourcesBuildPhase;
			buildActionMask = 2147483647;
			files = (
				7ADA54DA1B8FB9B000C52079 /* CARingBuffer.cpp in Sources */,
				7ADA533A1B8F44EA00C52079 /* main.mm in Sources */,
			);
			runOnlyForDeploymentPostprocessing = 0;
		};
/* End PBXSourcesBuildPhase section */

/* Begin XCBuildConfiguration section */
		7AFD6EB11B7942F700C8641D /* Debug */ = {
			isa = XCBuildConfiguration;
			buildSettings = {
				ALWAYS_SEARCH_USER_PATHS = NO;
				CLANG_CXX_LANGUAGE_STANDARD = "gnu++0x";
				CLANG_CXX_LIBRARY = "libc++";
				CLANG_ENABLE_MODULES = YES;
				CLANG_ENABLE_OBJC_ARC = YES;
				CLANG_WARN_BOOL_CONVERSION = YES;
				CLANG_WARN_CONSTANT_CONVERSION = YES;
				CLANG_WARN_DIRECT_OBJC_ISA_USAGE = YES_ERROR;
				CLANG_WARN_EMPTY_BODY = YES;
				CLANG_WARN_ENUM_CONVERSION = YES;
				CLANG_WARN_INT_CONVERSION = YES;
				CLANG_WARN_OBJC_ROOT_CLASS = YES_ERROR;
				CLANG_WARN_UNREACHABLE_CODE = YES;
				CLANG_WARN__DUPLICATE_METHOD_MATCH = YES;
				COPY_PHASE_STRIP = NO;
				DEBUG_INFORMATION_FORMAT = dwarf;
				ENABLE_STRICT_OBJC_MSGSEND = YES;
				GCC_C_LANGUAGE_STANDARD = gnu99;
				GCC_DYNAMIC_NO_PIC = NO;
				GCC_NO_COMMON_BLOCKS = YES;
				GCC_OPTIMIZATION_LEVEL = 0;
				GCC_PREPROCESSOR_DEFINITIONS = (
					"DEBUG=1",
					"$(inherited)",
				);
				GCC_SYMBOLS_PRIVATE_EXTERN = NO;
				GCC_WARN_64_TO_32_BIT_CONVERSION = YES;
				GCC_WARN_ABOUT_RETURN_TYPE = YES_ERROR;
				GCC_WARN_UNDECLARED_SELECTOR = YES;
				GCC_WARN_UNINITIALIZED_AUTOS = YES_AGGRESSIVE;
				GCC_WARN_UNUSED_FUNCTION = YES;
				GCC_WARN_UNUSED_VARIABLE = YES;
				MACOSX_DEPLOYMENT_TARGET = 10.10;
				MTL_ENABLE_DEBUG_INFO = YES;
				ONLY_ACTIVE_ARCH = YES;
				SDKROOT = macosx;
			};
			name = Debug;
		};
		7AFD6EB21B7942F700C8641D /* Release */ = {
			isa = XCBuildConfiguration;
			buildSettings = {
				ALWAYS_SEARCH_USER_PATHS = NO;
				CLANG_CXX_LANGUAGE_STANDARD = "gnu++0x";
				CLANG_CXX_LIBRARY = "libc++";
				CLANG_ENABLE_MODULES = YES;
				CLANG_ENABLE_OBJC_ARC = YES;
				CLANG_WARN_BOOL_CONVERSION = YES;
				CLANG_WARN_CONSTANT_CONVERSION = YES;
				CLANG_WARN_DIRECT_OBJC_ISA_USAGE = YES_ERROR;
				CLANG_WARN_EMPTY_BODY = YES;
				CLANG_WARN_ENUM_CONVERSION = YES;
				CLANG_WARN_INT_CONVERSION = YES;
				CLANG_WARN_OBJC_ROOT_CLASS = YES_ERROR;
				CLANG_WARN_UNREACHABLE_CODE = YES;
				CLANG_WARN__DUPLICATE_METHOD_MATCH = YES;
				COPY_PHASE_STRIP = NO;
				DEBUG_INFORMATION_FORMAT = "dwarf-with-dsym";
				ENABLE_NS_ASSERTIONS = NO;
				ENABLE_STRICT_OBJC_MSGSEND = YES;
				GCC_C_LANGUAGE_STANDARD = gnu99;
				GCC_NO_COMMON_BLOCKS = YES;
				GCC_WARN_64_TO_32_BIT_CONVERSION = YES;
				GCC_WARN_ABOUT_RETURN_TYPE = YES_ERROR;
				GCC_WARN_UNDECLARED_SELECTOR = YES;
				GCC_WARN_UNINITIALIZED_AUTOS = YES_AGGRESSIVE;
				GCC_WARN_UNUSED_FUNCTION = YES;
				GCC_WARN_UNUSED_VARIABLE = YES;
				MACOSX_DEPLOYMENT_TARGET = 10.10;
				MTL_ENABLE_DEBUG_INFO = NO;
				SDKROOT = macosx;
			};
			name = Release;
		};
		7AFD6EB41B7942F700C8641D /* Debug */ = {
			isa = XCBuildConfiguration;
			buildSettings = {
				CLANG_ENABLE_OBJC_ARC = NO;
				PRODUCT_NAME = "$(TARGET_NAME)";
			};
			name = Debug;
		};
		7AFD6EB51B7942F700C8641D /* Release */ = {
			isa = XCBuildConfiguration;
			buildSettings = {
				CLANG_ENABLE_OBJC_ARC = NO;
				PRODUCT_NAME = "$(TARGET_NAME)";
			};
			name = Release;
		};
/* End XCBuildConfiguration section */

/* Begin XCConfigurationList section */
		7AFD6EA71B7942F700C8641D /* Build configuration list for PBXProject "CAAUGraphBasedPlayThrough" */ = {
			isa = XCConfigurationList;
			buildConfigurations = (
				7AFD6EB11B7942F700C8641D /* Debug */,
				7AFD6EB21B7942F700C8641D /* Release */,
			);
			defaultConfigurationIsVisible = 0;
			defaultConfigurationName = Release;
		};
		7AFD6EB31B7942F700C8641D /* Build configuration list for PBXNativeTarget "CAAUGraphBasedPlayThrough" */ = {
			isa = XCConfigurationList;
			buildConfigurations = (
				7AFD6EB41B7942F700C8641D /* Debug */,
				7AFD6EB51B7942F700C8641D /* Release */,
			);
			defaultConfigurationIsVisible = 0;
			defaultConfigurationName = Release;
		};
/* End XCConfigurationList section */
	};
	rootObject = 7AFD6EA41B7942F700C8641D /* Project object */;
}
